Microsoft Visual Studio Solution File, Format Version 11.00
# Visual Studio 2008

Project("{7C5205A2-FD24-E8EA-938D-C3A40215FBD2}") = "game-engine", "Assembly-CSharp-vs.csproj", "{486CBCAC-E1B9-AC3B-2CB6-665ADC789B2C}"
EndProject
Project("{7C5205A2-FD24-E8EA-938D-C3A40215FBD2}") = "game-engine", "Assembly-CSharp-Editor-vs.csproj", "{E5095F42-F58D-CB24-E2B3-AE12149FB184}"
EndProject
Global
	GlobalSection(SolutionConfigurationPlatforms) = preSolution
		Debug|Any CPU = Debug|Any CPU
		Release|Any CPU = Release|Any CPU
	EndGlobalSection
	GlobalSection(ProjectConfigurationPlatforms) = postSolution
		{486CBCAC-E1B9-AC3B-2CB6-665ADC789B2C}.Debug|Any CPU.ActiveCfg = Debug|Any CPU
		{486CBCAC-E1B9-AC3B-2CB6-665ADC789B2C}.Debug|Any CPU.Build.0 = Debug|Any CPU
		{486CBCAC-E1B9-AC3B-2CB6-665ADC789B2C}.Release|Any CPU.ActiveCfg = Release|Any CPU
		{486CBCAC-E1B9-AC3B-2CB6-665ADC789B2C}.Release|Any CPU.Build.0 = Release|Any CPU
		{E5095F42-F58D-CB24-E2B3-AE12149FB184}.Debug|Any CPU.ActiveCfg = Debug|Any CPU
		{E5095F42-F58D-CB24-E2B3-AE12149FB184}.Debug|Any CPU.Build.0 = Debug|Any CPU
		{E5095F42-F58D-CB24-E2B3-AE12149FB184}.Release|Any CPU.ActiveCfg = Release|Any CPU
		{E5095F42-F58D-CB24-E2B3-AE12149FB184}.Release|Any CPU.Build.0 = Release|Any CPU
	EndGlobalSection
	GlobalSection(SolutionProperties) = preSolution
		HideSolutionNode = FALSE
	EndGlobalSection
																																																	GlobalSection(MonoDevelopProperties) = preSolution
		StartupItem = Assembly-CSharp.csproj
		Policies = $0
		$0.TextStylePolicy = $1
		$1.inheritsSet = null
		$1.scope = text/x-csharp
		$0.CSharpFormattingPolicy = $2
		$2.inheritsSet = Mono
		$2.inheritsScope = text/x-csharp
		$2.scope = text/x-csharp
		$0.TextStylePolicy = $3
		$3.FileWidth = 120
		$3.TabWidth = 4
		$3.EolMarker = Unix
		$3.inheritsSet = Mono
		$3.inheritsScope = text/plain
		$3.scope = text/plain
	EndGlobalSection

EndGlobal
